<Solution>
  <Project Path="../database/EvidenceChain.Seed/EvidenceChain.Seed.csproj" />
  <Project Path="EvidenceChain.Api/EvidenceChain.Api.csproj" />
  <Project Path="EvidenceChain.Application/EvidenceChain.Application.csproj" />
  <Project Path="EvidenceChain.Domain/EvidenceChain.Domain.csproj" />
  <Project Path="EvidenceChain.Infrastructure/EvidenceChain.Infrastructure.csproj" />
  <Project Path="EvidenceChain.Tests/EvidenceChain.Tests.csproj" />
</Solution>
